
Microsoft Visual Studio Solution File, Format Version 12.00
# Visual Studio Version 17
VisualStudioVersion = 17.2.32602.215
MinimumVisualStudioVersion = 10.0.40219.1
Project("{FAE04EC0-301F-11D3-BF4B-00C04F79EFBC}") = "VS4Net", "VS4Net\VS4Net.csproj", "{81097B55-82DA-47F4-AE87-912AE935D08B}"
EndProject
Project("{2150E333-8FDC-42A3-9474-1A3956D46DE8}") = "Solution Items", "Solution Items", "{E23FFDEA-4B3B-40C5-BE7B-8FD4E23EE812}"
	ProjectSection(SolutionItems) = preProject
		.editorconfig = .editorconfig
	EndProjectSection
EndProject
Global
	GlobalSection(SolutionConfigurationPlatforms) = preSolution
		Debug|Any CPU = Debug|Any CPU
		Release|Any CPU = Release|Any CPU
	EndGlobalSection
	GlobalSection(ProjectConfigurationPlatforms) = postSolution
		{81097B55-82DA-47F4-AE87-912AE935D08B}.Debug|Any CPU.ActiveCfg = Debug|Any CPU
		{81097B55-82DA-47F4-AE87-912AE935D08B}.Debug|Any CPU.Build.0 = Debug|Any CPU
		{81097B55-82DA-47F4-AE87-912AE935D08B}.Release|Any CPU.ActiveCfg = Release|Any CPU
		{81097B55-82DA-47F4-AE87-912AE935D08B}.Release|Any CPU.Build.0 = Release|Any CPU
	EndGlobalSection
	GlobalSection(SolutionProperties) = preSolution
		HideSolutionNode = FALSE
	EndGlobalSection
	GlobalSection(ExtensibilityGlobals) = postSolution
		SolutionGuid = {7D6BC644-B0EC-4F97-9B76-F3BB89B2499C}
	EndGlobalSection
EndGlobal
